
Microsoft Visual Studio Solution File, Format Version 12.00
# Visual Studio Version 17
VisualStudioVersion = 17.0.31903.59
MinimumVisualStudioVersion = 10.0.40219.1
Project("{9A19103F-16F7-4668-BE54-9A1E7A4F7556}") = "Domain", "Domain\Domain.csproj", "{8C40EDEC-93D9-4DA2-AA18-DD2355C8B345}"
EndProject
Project("{9A19103F-16F7-4668-BE54-9A1E7A4F7556}") = "Application", "Application\Application.csproj", "{86A76DDB-D92C-4600-8B2C-EFA2D8BA44C3}"
EndProject
Project("{9A19103F-16F7-4668-BE54-9A1E7A4F7556}") = "DataAccess", "DataAccess\DataAccess.csproj", "{C7D37354-C852-4F73-BF03-EE2D7BEDB612}"
EndProject
Project("{2150E333-8FDC-42A3-9474-1A3956D46DE8}") = "src", "src", "{3B10118B-0399-4F99-82B0-113B4A79F643}"
EndProject
Project("{2150E333-8FDC-42A3-9474-1A3956D46DE8}") = "test", "test", "{6F360EEB-71E3-4A97-B9C3-ED8F2C5DAB64}"
EndProject
Project("{9A19103F-16F7-4668-BE54-9A1E7A4F7556}") = "Domain.Unit.Tests", "Domain.Unit.Tests\Domain.Unit.Tests.csproj", "{95F9B3D0-620E-495B-9EB4-16A9C539CAAF}"
EndProject
Project("{9A19103F-16F7-4668-BE54-9A1E7A4F7556}") = "Application.Unit.Tests", "Application.Unit.Tests\Application.Unit.Tests.csproj", "{E2E71D8A-E822-44DF-93A2-3D5359FC5C69}"
EndProject
Project("{9A19103F-16F7-4668-BE54-9A1E7A4F7556}") = "WebUI", "WebUI\WebUI.csproj", "{81C06781-5092-4474-A931-2D000DE421F8}"
EndProject
Project("{9A19103F-16F7-4668-BE54-9A1E7A4F7556}") = "ControllerAPI", "ControllerAPI\ControllerAPI.csproj", "{0572A3B8-AFA3-45B6-BE04-DCC305A5F9D0}"
EndProject
Global
	GlobalSection(SolutionConfigurationPlatforms) = preSolution
		Debug|Any CPU = Debug|Any CPU
		Release|Any CPU = Release|Any CPU
	EndGlobalSection
	GlobalSection(ProjectConfigurationPlatforms) = postSolution
		{8C40EDEC-93D9-4DA2-AA18-DD2355C8B345}.Debug|Any CPU.ActiveCfg = Debug|Any CPU
		{8C40EDEC-93D9-4DA2-AA18-DD2355C8B345}.Debug|Any CPU.Build.0 = Debug|Any CPU
		{8C40EDEC-93D9-4DA2-AA18-DD2355C8B345}.Release|Any CPU.ActiveCfg = Release|Any CPU
		{8C40EDEC-93D9-4DA2-AA18-DD2355C8B345}.Release|Any CPU.Build.0 = Release|Any CPU
		{86A76DDB-D92C-4600-8B2C-EFA2D8BA44C3}.Debug|Any CPU.ActiveCfg = Debug|Any CPU
		{86A76DDB-D92C-4600-8B2C-EFA2D8BA44C3}.Debug|Any CPU.Build.0 = Debug|Any CPU
		{86A76DDB-D92C-4600-8B2C-EFA2D8BA44C3}.Release|Any CPU.ActiveCfg = Release|Any CPU
		{86A76DDB-D92C-4600-8B2C-EFA2D8BA44C3}.Release|Any CPU.Build.0 = Release|Any CPU
		{C7D37354-C852-4F73-BF03-EE2D7BEDB612}.Debug|Any CPU.ActiveCfg = Debug|Any CPU
		{C7D37354-C852-4F73-BF03-EE2D7BEDB612}.Debug|Any CPU.Build.0 = Debug|Any CPU
		{C7D37354-C852-4F73-BF03-EE2D7BEDB612}.Release|Any CPU.ActiveCfg = Release|Any CPU
		{C7D37354-C852-4F73-BF03-EE2D7BEDB612}.Release|Any CPU.Build.0 = Release|Any CPU
		{95F9B3D0-620E-495B-9EB4-16A9C539CAAF}.Debug|Any CPU.ActiveCfg = Debug|Any CPU
		{95F9B3D0-620E-495B-9EB4-16A9C539CAAF}.Debug|Any CPU.Build.0 = Debug|Any CPU
		{95F9B3D0-620E-495B-9EB4-16A9C539CAAF}.Release|Any CPU.ActiveCfg = Release|Any CPU
		{95F9B3D0-620E-495B-9EB4-16A9C539CAAF}.Release|Any CPU.Build.0 = Release|Any CPU
		{E2E71D8A-E822-44DF-93A2-3D5359FC5C69}.Debug|Any CPU.ActiveCfg = Debug|Any CPU
		{E2E71D8A-E822-44DF-93A2-3D5359FC5C69}.Debug|Any CPU.Build.0 = Debug|Any CPU
		{E2E71D8A-E822-44DF-93A2-3D5359FC5C69}.Release|Any CPU.ActiveCfg = Release|Any CPU
		{E2E71D8A-E822-44DF-93A2-3D5359FC5C69}.Release|Any CPU.Build.0 = Release|Any CPU
		{81C06781-5092-4474-A931-2D000DE421F8}.Debug|Any CPU.ActiveCfg = Debug|Any CPU
		{81C06781-5092-4474-A931-2D000DE421F8}.Debug|Any CPU.Build.0 = Debug|Any CPU
		{81C06781-5092-4474-A931-2D000DE421F8}.Release|Any CPU.ActiveCfg = Release|Any CPU
		{81C06781-5092-4474-A931-2D000DE421F8}.Release|Any CPU.Build.0 = Release|Any CPU
		{0572A3B8-AFA3-45B6-BE04-DCC305A5F9D0}.Debug|Any CPU.ActiveCfg = Debug|Any CPU
		{0572A3B8-AFA3-45B6-BE04-DCC305A5F9D0}.Debug|Any CPU.Build.0 = Debug|Any CPU
		{0572A3B8-AFA3-45B6-BE04-DCC305A5F9D0}.Release|Any CPU.ActiveCfg = Release|Any CPU
		{0572A3B8-AFA3-45B6-BE04-DCC305A5F9D0}.Release|Any CPU.Build.0 = Release|Any CPU
	EndGlobalSection
	GlobalSection(SolutionProperties) = preSolution
		HideSolutionNode = FALSE
	EndGlobalSection
	GlobalSection(NestedProjects) = preSolution
		{8C40EDEC-93D9-4DA2-AA18-DD2355C8B345} = {3B10118B-0399-4F99-82B0-113B4A79F643}
		{86A76DDB-D92C-4600-8B2C-EFA2D8BA44C3} = {3B10118B-0399-4F99-82B0-113B4A79F643}
		{C7D37354-C852-4F73-BF03-EE2D7BEDB612} = {3B10118B-0399-4F99-82B0-113B4A79F643}
		{95F9B3D0-620E-495B-9EB4-16A9C539CAAF} = {6F360EEB-71E3-4A97-B9C3-ED8F2C5DAB64}
		{E2E71D8A-E822-44DF-93A2-3D5359FC5C69} = {6F360EEB-71E3-4A97-B9C3-ED8F2C5DAB64}
		{81C06781-5092-4474-A931-2D000DE421F8} = {3B10118B-0399-4F99-82B0-113B4A79F643}
		{0572A3B8-AFA3-45B6-BE04-DCC305A5F9D0} = {3B10118B-0399-4F99-82B0-113B4A79F643}
	EndGlobalSection
	GlobalSection(ExtensibilityGlobals) = postSolution
		SolutionGuid = {DD50D595-19C0-427E-8542-2956470201DA}
	EndGlobalSection
EndGlobal
